
Microsoft Visual Studio Solution File, Format Version 12.00
# Visual Studio 15
VisualStudioVersion = 15.0.28307.489
MinimumVisualStudioVersion = 10.0.40219.1
Project("{FAE04EC0-301F-11D3-BF4B-00C04F79EFBC}") = "Calculator", "Calculator\Calculator.csproj", "{333B31E1-9D2C-409A-99D8-2E84F1199BC4}"
EndProject
Global
	GlobalSection(SolutionConfigurationPlatforms) = preSolution
		Debug|Any CPU = Debug|Any CPU
		Release|Any CPU = Release|Any CPU
	EndGlobalSection
	GlobalSection(ProjectConfigurationPlatforms) = postSolution
		{333B31E1-9D2C-409A-99D8-2E84F1199BC4}.Debug|Any CPU.ActiveCfg = Debug|Any CPU
		{333B31E1-9D2C-409A-99D8-2E84F1199BC4}.Debug|Any CPU.Build.0 = Debug|Any CPU
		{333B31E1-9D2C-409A-99D8-2E84F1199BC4}.Release|Any CPU.ActiveCfg = Release|Any CPU
		{333B31E1-9D2C-409A-99D8-2E84F1199BC4}.Release|Any CPU.Build.0 = Release|Any CPU
	EndGlobalSection
	GlobalSection(SolutionProperties) = preSolution
		HideSolutionNode = FALSE
	EndGlobalSection
	GlobalSection(ExtensibilityGlobals) = postSolution
		SolutionGuid = {786B56AB-1010-46FD-8DB5-0E20B678B9E0}
	EndGlobalSection
EndGlobal
